
Microsoft Visual Studio Solution File, Format Version 12.00
# Visual Studio Version 17
VisualStudioVersion = 17.2.32526.322
MinimumVisualStudioVersion = 10.0.40219.1
Project("{FAE04EC0-301F-11D3-BF4B-00C04F79EFBC}") = "Project", "Project\Project.csproj", "{EF777C6C-5B73-4BF6-8808-0EAFB0797654}"
EndProject
Global
	GlobalSection(SolutionConfigurationPlatforms) = preSolution
		Debug|Any CPU = Debug|Any CPU
		Release|Any CPU = Release|Any CPU
	EndGlobalSection
	GlobalSection(ProjectConfigurationPlatforms) = postSolution
		{EF777C6C-5B73-4BF6-8808-0EAFB0797654}.Debug|Any CPU.ActiveCfg = Debug|Any CPU
		{EF777C6C-5B73-4BF6-8808-0EAFB0797654}.Debug|Any CPU.Build.0 = Debug|Any CPU
		{EF777C6C-5B73-4BF6-8808-0EAFB0797654}.Release|Any CPU.ActiveCfg = Release|Any CPU
		{EF777C6C-5B73-4BF6-8808-0EAFB0797654}.Release|Any CPU.Build.0 = Release|Any CPU
	EndGlobalSection
	GlobalSection(SolutionProperties) = preSolution
		HideSolutionNode = FALSE
	EndGlobalSection
	GlobalSection(ExtensibilityGlobals) = postSolution
		SolutionGuid = {33040102-985B-462E-A826-6D09CCABE9A1}
	EndGlobalSection
EndGlobal
